<?xml version="1.0" encoding="utf-8"?>
<Project ToolsVersion="4.0" xmlns="http://schemas.microsoft.com/developer/msbuild/2003">
  <ItemGroup>
    <ClCompile Include="program\gManage\GameManage.cpp" />
    <ClCompile Include="program\gManage\Revenant.cpp" />
    <ClCompile Include="program\gManage\SceneManage.cpp" />
    <ClCompile Include="program\gManage\Window.cpp" />
    <ClCompile Include="program\Scene\Ending.cpp" />
    <ClCompile Include="program\Scene\GameClear.cpp" />
    <ClCompile Include="program\Scene\GameNormal.cpp" />
    <ClCompile Include="program\Scene\GameOver.cpp" />
    <ClCompile Include="program\Scene\GameRefresh.cpp" />
    <ClCompile Include="program\Scene\Logo.cpp" />
    <ClCompile Include="program\Scene\Mission.cpp" />
    <ClCompile Include="program\Scene\Prologue.cpp" />
    <ClCompile Include="program\Scene\Ranking.cpp" />
    <ClCompile Include="program\Scene\Title.cpp" />
    <ClCompile Include="program\Scene\Tutorial.cpp" />
    <ClCompile Include="Library\Font\DirectFont.cpp" />
    <ClCompile Include="Library\Input\DirectInput.cpp" />
    <ClCompile Include="Library\Sound\DirectSound.cpp" />
    <ClCompile Include="Program\Util\Control.cpp" />
    <ClCompile Include="Program\Util\Orbit\OrbitCalculation.cpp" />
    <ClCompile Include="Program\Util\Orbit\OrbitParadora.cpp" />
    <ClCompile Include="Program\Util\Orbit\OrbitRebound.cpp" />
    <ClCompile Include="Program\Util\Orbit\OrbitWave.cpp" />
    <ClCompile Include="Program\Actor\Boss.cpp" />
    <ClCompile Include="Program\Actor\ActorNikuman.cpp" />
    <ClCompile Include="Program\Actor\ActorNoppo.cpp" />
    <ClCompile Include="Program\Actor\ActorYoshi.cpp" />
    <ClCompile Include="Program\Actor\ActorBase.cpp" />
    <ClCompile Include="Library\Graphics\DirectGraphics.cpp" />
    <ClCompile Include="Library\Graphics\Texture.cpp" />
    <ClCompile Include="Library\Graphics\Vertex.cpp" />
  </ItemGroup>
  <ItemGroup>
    <ClInclude Include="program\gManage\GameManage.h" />
    <ClInclude Include="program\gManage\Revenant.h" />
    <ClInclude Include="program\gManage\SceneManage.h" />
    <ClInclude Include="program\gManage\Window.h" />
    <ClInclude Include="program\Scene\Ending.h" />
    <ClInclude Include="program\Scene\GameClear.h" />
    <ClInclude Include="program\Scene\GameNormal.h" />
    <ClInclude Include="program\Scene\GameOver.h" />
    <ClInclude Include="program\Scene\GameRefresh.h" />
    <ClInclude Include="program\Scene\Logo.h" />
    <ClInclude Include="program\Scene\Mission.h" />
    <ClInclude Include="program\Scene\Prologue.h" />
    <ClInclude Include="program\Scene\Ranking.h" />
    <ClInclude Include="program\Scene\Title.h" />
    <ClInclude Include="program\Scene\Tutorial.h" />
    <ClInclude Include="program\D_Game.h" />
    <ClInclude Include="program\Define.h" />
    <ClInclude Include="Library\Font\DirectFont.h" />
    <ClInclude Include="Library\Input\DirectInput.h" />
    <ClInclude Include="Library\Sound\DirectSound.h" />
    <ClInclude Include="Program\Util\Control.h" />
    <ClInclude Include="Program\Util\Orbit\OrbitCalculation.h" />
    <ClInclude Include="Program\Util\Orbit\OrbitParadora.h" />
    <ClInclude Include="Program\Util\Orbit\OrbitRebound.h" />
    <ClInclude Include="Program\Util\Orbit\OrbitWave.h" />
    <ClInclude Include="Program\Actor\Boss.h" />
    <ClInclude Include="Program\Actor\ActorNikuman.h" />
    <ClInclude Include="Program\Actor\ActorNoppo.h" />
    <ClInclude Include="Program\Actor\ActorYoshi.h" />
    <ClInclude Include="Program\Actor\ActorBase.h" />
    <ClInclude Include="Library\Graphics\Vertex.h" />
    <ClInclude Include="Library\Graphics\DirectGraphics.h" />
    <ClInclude Include="Library\Graphics\Texture.h" />
  </ItemGroup>
</Project>
