<?xml version="1.0" encoding="utf-8"?>
<Project ToolsVersion="4.0" xmlns="http://schemas.microsoft.com/developer/msbuild/2003">
  <ItemGroup>
    <ClCompile Include="Library\Font\DirectFont.cpp">
      <Filter>Library\Font</Filter>
    </ClCompile>
    <ClCompile Include="Library\Graphics\DirectGraphics.cpp">
      <Filter>Library\Graphics</Filter>
    </ClCompile>
    <ClCompile Include="Library\Input\DirectInput.cpp">
      <Filter>Library\Input</Filter>
    </ClCompile>
    <ClCompile Include="Library\Sound\DirectSound.cpp">
      <Filter>Library\Sound</Filter>
    </ClCompile>
    <ClCompile Include="Library\Window\Window.cpp">
      <Filter>Library\Window</Filter>
    </ClCompile>
    <ClCompile Include="Program\Actor\ActorBase.cpp">
      <Filter>Actor</Filter>
    </ClCompile>
    <ClCompile Include="Program\Actor\ActorNikuman.cpp">
      <Filter>Actor</Filter>
    </ClCompile>
    <ClCompile Include="Program\Actor\ActorNoppo.cpp">
      <Filter>Actor</Filter>
    </ClCompile>
    <ClCompile Include="Program\Actor\ActorYoshi.cpp">
      <Filter>Actor</Filter>
    </ClCompile>
    <ClCompile Include="Program\Util\Orbit\OrbitRebound.cpp">
      <Filter>Util\Orbit</Filter>
    </ClCompile>
    <ClCompile Include="Program\Util\Orbit\OrbitWave.cpp">
      <Filter>Util\Orbit</Filter>
    </ClCompile>
    <ClCompile Include="Library\Graphics\Texture.cpp">
      <Filter>Library\Graphics</Filter>
    </ClCompile>
    <ClCompile Include="Library\Graphics\Vertex.cpp">
      <Filter>Library\Graphics</Filter>
    </ClCompile>
    <ClCompile Include="Program\main.cpp" />
    <ClCompile Include="Program\Actor\ActorBoss.cpp">
      <Filter>Actor</Filter>
    </ClCompile>
    <ClCompile Include="Program\Scene\SceneBase.cpp">
      <Filter>Scene</Filter>
    </ClCompile>
    <ClCompile Include="Program\Util\UtilInput.cpp">
      <Filter>Util</Filter>
    </ClCompile>
    <ClCompile Include="Program\Util\UtilBattle.cpp">
      <Filter>Util</Filter>
    </ClCompile>
    <ClCompile Include="Program\Scene\SceneGameNormal.cpp">
      <Filter>Scene</Filter>
    </ClCompile>
    <ClCompile Include="Program\Scene\SceneGameRefresh.cpp">
      <Filter>Scene</Filter>
    </ClCompile>
    <ClCompile Include="Program\Scene\SceneLogo.cpp">
      <Filter>Scene</Filter>
    </ClCompile>
    <ClCompile Include="Program\Scene\SceneRanking.cpp">
      <Filter>Scene</Filter>
    </ClCompile>
    <ClCompile Include="Program\Scene\SceneTitle.cpp">
      <Filter>Scene</Filter>
    </ClCompile>
    <ClCompile Include="Program\Scene\SceneTutorial.cpp">
      <Filter>Scene</Filter>
    </ClCompile>
    <ClCompile Include="Library\Graphics\FadeMgr.cpp">
      <Filter>Library\Graphics</Filter>
    </ClCompile>
    <ClCompile Include="Library\StateMachine.cpp">
      <Filter>Library</Filter>
    </ClCompile>
    <ClCompile Include="Program\System\GameMain.cpp">
      <Filter>System</Filter>
    </ClCompile>
    <ClCompile Include="Program\UI\UITitleMenu.cpp">
      <Filter>UI</Filter>
    </ClCompile>
    <ClCompile Include="Program\stdafx.cpp" />
    <ClCompile Include="Program\Util\UtilSound.cpp">
      <Filter>Util</Filter>
    </ClCompile>
    <ClCompile Include="Program\System\GameScore.cpp">
      <Filter>System</Filter>
    </ClCompile>
    <ClCompile Include="Program\Actor\ActorMgr.cpp">
      <Filter>Actor</Filter>
    </ClCompile>
    <ClCompile Include="Program\Util\UtilGraphics.cpp">
      <Filter>Util</Filter>
    </ClCompile>
    <ClCompile Include="Program\Effect\EffectFont.cpp">
      <Filter>Effect</Filter>
    </ClCompile>
    <ClCompile Include="Program\Effect\EffectMgr.cpp">
      <Filter>Effect</Filter>
    </ClCompile>
    <ClCompile Include="Program\Effect\EffectBase.cpp">
      <Filter>Effect</Filter>
    </ClCompile>
    <ClCompile Include="Program\System\GameInfoMgr.cpp">
      <Filter>System</Filter>
    </ClCompile>
    <ClCompile Include="Program\Util\UtilGame.cpp">
      <Filter>Util</Filter>
    </ClCompile>
    <ClCompile Include="Program\Effect\EffectHit.cpp">
      <Filter>Effect</Filter>
    </ClCompile>
    <ClCompile Include="Program\Effect\EffectBossDead.cpp">
      <Filter>Effect</Filter>
    </ClCompile>
    <ClCompile Include="Library\Math\Vector.cpp">
      <Filter>Library\Math</Filter>
    </ClCompile>
    <ClCompile Include="Program\UI\UIRefreshGame.cpp">
      <Filter>UI</Filter>
    </ClCompile>
    <ClCompile Include="Program\UI\UINormalGame.cpp">
      <Filter>UI</Filter>
    </ClCompile>
    <ClCompile Include="Program\Mission\MissionMgr.cpp">
      <Filter>Mission</Filter>
    </ClCompile>
    <ClCompile Include="Program\Mission\MissionBase.cpp">
      <Filter>Mission</Filter>
    </ClCompile>
    <ClCompile Include="Program\Mission\Mission1.cpp">
      <Filter>Mission</Filter>
    </ClCompile>
    <ClCompile Include="Program\Mission\Mission2.cpp">
      <Filter>Mission</Filter>
    </ClCompile>
    <ClCompile Include="Program\Mission\Mission3.cpp">
      <Filter>Mission</Filter>
    </ClCompile>
    <ClCompile Include="Program\Mission\Mission4.cpp">
      <Filter>Mission</Filter>
    </ClCompile>
    <ClCompile Include="Program\Mission\Mission5.cpp">
      <Filter>Mission</Filter>
    </ClCompile>
    <ClCompile Include="Program\Mission\Mission6.cpp">
      <Filter>Mission</Filter>
    </ClCompile>
    <ClCompile Include="Program\Mission\Mission7.cpp">
      <Filter>Mission</Filter>
    </ClCompile>
    <ClCompile Include="Program\Mission\Mission8.cpp">
      <Filter>Mission</Filter>
    </ClCompile>
    <ClCompile Include="Program\Mission\Mission9.cpp">
      <Filter>Mission</Filter>
    </ClCompile>
    <ClCompile Include="Program\Mission\Mission10.cpp">
      <Filter>Mission</Filter>
    </ClCompile>
    <ClCompile Include="Program\Mission\Mission11.cpp">
      <Filter>Mission</Filter>
    </ClCompile>
    <ClCompile Include="Program\Mission\Mission12.cpp">
      <Filter>Mission</Filter>
    </ClCompile>
    <ClCompile Include="Program\Mission\Mission13.cpp">
      <Filter>Mission</Filter>
    </ClCompile>
    <ClCompile Include="Program\Mission\Mission14.cpp">
      <Filter>Mission</Filter>
    </ClCompile>
    <ClCompile Include="Program\Effect\EffectOugi.cpp">
      <Filter>Effect</Filter>
    </ClCompile>
    <ClCompile Include="Program\Util\UtilActor.cpp">
      <Filter>Util</Filter>
    </ClCompile>
    <ClCompile Include="Library\Math\Rect.cpp">
      <Filter>Library\Math</Filter>
    </ClCompile>
    <ClCompile Include="Program\BadStatus\BadStatusBase.cpp">
      <Filter>BadStatus</Filter>
    </ClCompile>
    <ClCompile Include="Program\BadStatus\BadStatusSpeedUp.cpp">
      <Filter>BadStatus</Filter>
    </ClCompile>
    <ClCompile Include="Program\BadStatus\BadStatusRecover.cpp">
      <Filter>BadStatus</Filter>
    </ClCompile>
    <ClCompile Include="Program\BadStatus\BadStatusAlertPos.cpp">
      <Filter>BadStatus</Filter>
    </ClCompile>
    <ClCompile Include="Program\BadStatus\BadStatusAtackPowerDown.cpp">
      <Filter>BadStatus</Filter>
    </ClCompile>
  </ItemGroup>
  <ItemGroup>
    <ClInclude Include="Program\Define.h" />
    <ClInclude Include="Library\Font\DirectFont.h">
      <Filter>Library\Font</Filter>
    </ClInclude>
    <ClInclude Include="Library\Graphics\DirectGraphics.h">
      <Filter>Library\Graphics</Filter>
    </ClInclude>
    <ClInclude Include="Library\Input\DirectInput.h">
      <Filter>Library\Input</Filter>
    </ClInclude>
    <ClInclude Include="Library\Sound\DirectSound.h">
      <Filter>Library\Sound</Filter>
    </ClInclude>
    <ClInclude Include="Library\Window\Window.h">
      <Filter>Library\Window</Filter>
    </ClInclude>
    <ClInclude Include="Program\Actor\ActorBase.h">
      <Filter>Actor</Filter>
    </ClInclude>
    <ClInclude Include="Program\Actor\ActorNikuman.h">
      <Filter>Actor</Filter>
    </ClInclude>
    <ClInclude Include="Program\Actor\ActorNoppo.h">
      <Filter>Actor</Filter>
    </ClInclude>
    <ClInclude Include="Program\Actor\ActorYoshi.h">
      <Filter>Actor</Filter>
    </ClInclude>
    <ClInclude Include="Program\Util\Orbit\OrbitRebound.h">
      <Filter>Util\Orbit</Filter>
    </ClInclude>
    <ClInclude Include="Program\Util\Orbit\OrbitWave.h">
      <Filter>Util\Orbit</Filter>
    </ClInclude>
    <ClInclude Include="Library\Graphics\Texture.h">
      <Filter>Library\Graphics</Filter>
    </ClInclude>
    <ClInclude Include="Library\Graphics\Vertex.h">
      <Filter>Library\Graphics</Filter>
    </ClInclude>
    <ClInclude Include="Program\main.h" />
    <ClInclude Include="Program\DefineGame.h" />
    <ClInclude Include="Program\Actor\ActorBoss.h">
      <Filter>Actor</Filter>
    </ClInclude>
    <ClInclude Include="Program\Scene\SceneBase.h">
      <Filter>Scene</Filter>
    </ClInclude>
    <ClInclude Include="Program\Util\UtilInput.h">
      <Filter>Util</Filter>
    </ClInclude>
    <ClInclude Include="Program\Util\UtilBattle.h">
      <Filter>Util</Filter>
    </ClInclude>
    <ClInclude Include="Program\Scene\SceneGameNormal.h">
      <Filter>Scene</Filter>
    </ClInclude>
    <ClInclude Include="Program\Scene\SceneGameRefresh.h">
      <Filter>Scene</Filter>
    </ClInclude>
    <ClInclude Include="Program\Scene\SceneLogo.h">
      <Filter>Scene</Filter>
    </ClInclude>
    <ClInclude Include="Program\Scene\SceneRanking.h">
      <Filter>Scene</Filter>
    </ClInclude>
    <ClInclude Include="Program\Scene\SceneTitle.h">
      <Filter>Scene</Filter>
    </ClInclude>
    <ClInclude Include="Program\Scene\SceneTutorial.h">
      <Filter>Scene</Filter>
    </ClInclude>
    <ClInclude Include="Library\Graphics\FadeMgr.h">
      <Filter>Library\Graphics</Filter>
    </ClInclude>
    <ClInclude Include="Library\StateMachine.h">
      <Filter>Library</Filter>
    </ClInclude>
    <ClInclude Include="Program\System\GameMain.h">
      <Filter>System</Filter>
    </ClInclude>
    <ClInclude Include="Program\UI\UITitleMenu.h">
      <Filter>UI</Filter>
    </ClInclude>
    <ClInclude Include="Program\stdafx.h" />
    <ClInclude Include="Program\Util\UtilSound.h">
      <Filter>Util</Filter>
    </ClInclude>
    <ClInclude Include="Program\System\GameScore.h">
      <Filter>System</Filter>
    </ClInclude>
    <ClInclude Include="Program\Actor\ActorMgr.h">
      <Filter>Actor</Filter>
    </ClInclude>
    <ClInclude Include="Program\Util\UtilGraphics.h">
      <Filter>Util</Filter>
    </ClInclude>
    <ClInclude Include="Program\Effect\EffectFont.h">
      <Filter>Effect</Filter>
    </ClInclude>
    <ClInclude Include="Program\Effect\EffectMgr.h">
      <Filter>Effect</Filter>
    </ClInclude>
    <ClInclude Include="Program\Effect\EffectBase.h">
      <Filter>Effect</Filter>
    </ClInclude>
    <ClInclude Include="Program\System\GameInfoMgr.h">
      <Filter>System</Filter>
    </ClInclude>
    <ClInclude Include="Program\Util\UtilGame.h">
      <Filter>Util</Filter>
    </ClInclude>
    <ClInclude Include="Program\Effect\EffectHit.h">
      <Filter>Effect</Filter>
    </ClInclude>
    <ClInclude Include="Program\Effect\EffectBossDead.h">
      <Filter>Effect</Filter>
    </ClInclude>
    <ClInclude Include="Library\Math\Vector.h">
      <Filter>Library\Math</Filter>
    </ClInclude>
    <ClInclude Include="Program\UI\UIRefreshGame.h">
      <Filter>UI</Filter>
    </ClInclude>
    <ClInclude Include="Program\UI\UINormalGame.h">
      <Filter>UI</Filter>
    </ClInclude>
    <ClInclude Include="Program\Mission\MissionMgr.h">
      <Filter>Mission</Filter>
    </ClInclude>
    <ClInclude Include="Program\Mission\MissionBase.h">
      <Filter>Mission</Filter>
    </ClInclude>
    <ClInclude Include="Program\Mission\Mission1.h">
      <Filter>Mission</Filter>
    </ClInclude>
    <ClInclude Include="Program\Mission\Mission2.h">
      <Filter>Mission</Filter>
    </ClInclude>
    <ClInclude Include="Program\Mission\Mission3.h">
      <Filter>Mission</Filter>
    </ClInclude>
    <ClInclude Include="Program\Mission\Mission4.h">
      <Filter>Mission</Filter>
    </ClInclude>
    <ClInclude Include="Program\Mission\Mission5.h">
      <Filter>Mission</Filter>
    </ClInclude>
    <ClInclude Include="Program\Mission\Mission6.h">
      <Filter>Mission</Filter>
    </ClInclude>
    <ClInclude Include="Program\Mission\Mission7.h">
      <Filter>Mission</Filter>
    </ClInclude>
    <ClInclude Include="Program\Mission\Mission8.h">
      <Filter>Mission</Filter>
    </ClInclude>
    <ClInclude Include="Program\Mission\Mission9.h">
      <Filter>Mission</Filter>
    </ClInclude>
    <ClInclude Include="Program\Mission\Mission10.h">
      <Filter>Mission</Filter>
    </ClInclude>
    <ClInclude Include="Program\Mission\Mission11.h">
      <Filter>Mission</Filter>
    </ClInclude>
    <ClInclude Include="Program\Mission\Mission12.h">
      <Filter>Mission</Filter>
    </ClInclude>
    <ClInclude Include="Program\Mission\Mission13.h">
      <Filter>Mission</Filter>
    </ClInclude>
    <ClInclude Include="Program\Mission\Mission14.h">
      <Filter>Mission</Filter>
    </ClInclude>
    <ClInclude Include="Program\Effect\EffectOugi.h">
      <Filter>Effect</Filter>
    </ClInclude>
    <ClInclude Include="Program\Util\UtilActor.h">
      <Filter>Util</Filter>
    </ClInclude>
    <ClInclude Include="Library\Math\Rect.h">
      <Filter>Library\Math</Filter>
    </ClInclude>
    <ClInclude Include="Program\BadStatus\BadStatusBase.h">
      <Filter>BadStatus</Filter>
    </ClInclude>
    <ClInclude Include="Program\BadStatus\BadStatusSpeedUp.h">
      <Filter>BadStatus</Filter>
    </ClInclude>
    <ClInclude Include="Program\BadStatus\BadStatusRecover.h">
      <Filter>BadStatus</Filter>
    </ClInclude>
    <ClInclude Include="Program\BadStatus\BadStatusAlertPos.h">
      <Filter>BadStatus</Filter>
    </ClInclude>
    <ClInclude Include="Program\BadStatus\BadStatusAtackPowerDown.h">
      <Filter>BadStatus</Filter>
    </ClInclude>
  </ItemGroup>
  <ItemGroup>
    <Filter Include="Library">
      <UniqueIdentifier>{b8d7e50a-6773-4174-8078-1c04c8001a4e}</UniqueIdentifier>
    </Filter>
    <Filter Include="Library\Font">
      <UniqueIdentifier>{e4daa568-d744-446e-8f94-15103e88a1ec}</UniqueIdentifier>
    </Filter>
    <Filter Include="Library\Graphics">
      <UniqueIdentifier>{4fa577dc-b57d-4344-a3e7-3d16c62288a8}</UniqueIdentifier>
    </Filter>
    <Filter Include="Library\Input">
      <UniqueIdentifier>{0f60c582-3e70-4daf-8c59-8f1278620c54}</UniqueIdentifier>
    </Filter>
    <Filter Include="Library\Sound">
      <UniqueIdentifier>{73893e4c-8325-41fa-89be-3074a18f68dc}</UniqueIdentifier>
    </Filter>
    <Filter Include="Library\Window">
      <UniqueIdentifier>{edd814d2-e4be-4c29-8993-25fc00e83894}</UniqueIdentifier>
    </Filter>
    <Filter Include="Actor">
      <UniqueIdentifier>{7eee4cf0-555b-4d05-ad78-30cb17abb688}</UniqueIdentifier>
    </Filter>
    <Filter Include="Scene">
      <UniqueIdentifier>{1bc91d01-45c9-47e6-9057-abd61ddd8093}</UniqueIdentifier>
    </Filter>
    <Filter Include="Util">
      <UniqueIdentifier>{a628cb9e-a7bd-48e0-b87a-47e076a86eaa}</UniqueIdentifier>
    </Filter>
    <Filter Include="Util\Orbit">
      <UniqueIdentifier>{cb9ccd9b-801e-4bdb-812d-93ac479b988f}</UniqueIdentifier>
    </Filter>
    <Filter Include="System">
      <UniqueIdentifier>{11f89dbb-6b7b-43d2-b8b4-d7732866d2f9}</UniqueIdentifier>
    </Filter>
    <Filter Include="Mission">
      <UniqueIdentifier>{221fa471-355c-4d3a-9e22-dabdb17e166a}</UniqueIdentifier>
    </Filter>
    <Filter Include="UI">
      <UniqueIdentifier>{4e2ecc62-2ab1-4323-9d0d-e83f46dd5c4b}</UniqueIdentifier>
    </Filter>
    <Filter Include="Effect">
      <UniqueIdentifier>{b6dcc952-1334-4084-bbda-2960a6fb5b0c}</UniqueIdentifier>
    </Filter>
    <Filter Include="Library\Math">
      <UniqueIdentifier>{6639024e-fef0-40c6-a460-411e31df5631}</UniqueIdentifier>
    </Filter>
    <Filter Include="BadStatus">
      <UniqueIdentifier>{69efc18c-8915-41c8-b4a7-80abb03f31b0}</UniqueIdentifier>
    </Filter>
  </ItemGroup>
</Project>