<?xml version="1.0" encoding="utf-8"?>
<Project ToolsVersion="4.0" xmlns="http://schemas.microsoft.com/developer/msbuild/2003">
  <ItemGroup>
    <ClCompile Include="program\Chara\Boss.cpp" />
    <ClCompile Include="program\Chara\Chara_Nikuman.cpp" />
    <ClCompile Include="program\Chara\Chara_Noppo.cpp" />
    <ClCompile Include="program\Chara\Chara_Yoshi.cpp" />
    <ClCompile Include="program\Chara\CharaCommon.cpp" />
    <ClCompile Include="program\gManage\GameManage.cpp" />
    <ClCompile Include="program\gManage\Revenant.cpp" />
    <ClCompile Include="program\gManage\SceneManage.cpp" />
    <ClCompile Include="program\gManage\Window.cpp" />
    <ClCompile Include="program\Scene\Ending.cpp" />
    <ClCompile Include="program\Scene\GameClear.cpp" />
    <ClCompile Include="program\Scene\GameNormal.cpp" />
    <ClCompile Include="program\Scene\GameOver.cpp" />
    <ClCompile Include="program\Scene\GameRefresh.cpp" />
    <ClCompile Include="program\Scene\Logo.cpp" />
    <ClCompile Include="program\Scene\Mission.cpp" />
    <ClCompile Include="program\Scene\Prologue.cpp" />
    <ClCompile Include="program\Scene\Ranking.cpp" />
    <ClCompile Include="program\Scene\Title.cpp" />
    <ClCompile Include="program\Scene\Tutorial.cpp" />
    <ClCompile Include="Library\DirectFont.cpp" />
    <ClCompile Include="Library\DirectGraphics.cpp" />
    <ClCompile Include="Library\DirectInput.cpp" />
    <ClCompile Include="Library\DirectSound.cpp" />
    <ClCompile Include="Library\Texture.cpp" />
    <ClCompile Include="Library\Vertex.cpp" />
    <ClCompile Include="Program\Util\Control.cpp" />
    <ClCompile Include="Program\Util\Orbit\OrbitCalculation.cpp" />
    <ClCompile Include="Program\Util\Orbit\OrbitParadora.cpp" />
    <ClCompile Include="Program\Util\Orbit\OrbitRebound.cpp" />
    <ClCompile Include="Program\Util\Orbit\OrbitWave.cpp" />
  </ItemGroup>
  <ItemGroup>
    <ClInclude Include="program\Chara\Boss.h" />
    <ClInclude Include="program\Chara\Chara_Nikuman.h" />
    <ClInclude Include="program\Chara\Chara_Noppo.h" />
    <ClInclude Include="program\Chara\Chara_Yoshi.h" />
    <ClInclude Include="program\Chara\CharaCommon.h" />
    <ClInclude Include="program\gManage\GameManage.h" />
    <ClInclude Include="program\gManage\Revenant.h" />
    <ClInclude Include="program\gManage\SceneManage.h" />
    <ClInclude Include="program\gManage\Window.h" />
    <ClInclude Include="program\Scene\Ending.h" />
    <ClInclude Include="program\Scene\GameClear.h" />
    <ClInclude Include="program\Scene\GameNormal.h" />
    <ClInclude Include="program\Scene\GameOver.h" />
    <ClInclude Include="program\Scene\GameRefresh.h" />
    <ClInclude Include="program\Scene\Logo.h" />
    <ClInclude Include="program\Scene\Mission.h" />
    <ClInclude Include="program\Scene\Prologue.h" />
    <ClInclude Include="program\Scene\Ranking.h" />
    <ClInclude Include="program\Scene\Title.h" />
    <ClInclude Include="program\Scene\Tutorial.h" />
    <ClInclude Include="program\D_Game.h" />
    <ClInclude Include="program\Define.h" />
    <ClInclude Include="Library\DirectFont.h" />
    <ClInclude Include="Library\DirectGraphics.h" />
    <ClInclude Include="Library\DirectInput.h" />
    <ClInclude Include="Library\DirectSound.h" />
    <ClInclude Include="Library\Texture.h" />
    <ClInclude Include="Library\Vertex.h" />
    <ClInclude Include="Program\Util\Control.h" />
    <ClInclude Include="Program\Util\Orbit\OrbitCalculation.h" />
    <ClInclude Include="Program\Util\Orbit\OrbitParadora.h" />
    <ClInclude Include="Program\Util\Orbit\OrbitRebound.h" />
    <ClInclude Include="Program\Util\Orbit\OrbitWave.h" />
  </ItemGroup>
</Project>